
Microsoft Visual Studio Solution File, Format Version 12.00
# Visual Studio Version 17
VisualStudioVersion = 17.14.36603.0 d17.14
MinimumVisualStudioVersion = 10.0.40219.1
Project("{888888A0-9F3D-457C-B088-3A5042F75D52}") = "NageMissionEdit", "NageMissionEdit\NageMissionEdit.pyproj", "{66702602-A36E-4B81-8E80-578126A79A4E}"
EndProject
Global
	GlobalSection(SolutionConfigurationPlatforms) = preSolution
		Debug|Any CPU = Debug|Any CPU
		Release|Any CPU = Release|Any CPU
	EndGlobalSection
	GlobalSection(ProjectConfigurationPlatforms) = postSolution
		{66702602-A36E-4B81-8E80-578126A79A4E}.Debug|Any CPU.ActiveCfg = Debug|Any CPU
		{66702602-A36E-4B81-8E80-578126A79A4E}.Release|Any CPU.ActiveCfg = Release|Any CPU
	EndGlobalSection
	GlobalSection(SolutionProperties) = preSolution
		HideSolutionNode = FALSE
	EndGlobalSection
	GlobalSection(ExtensibilityGlobals) = postSolution
		SolutionGuid = {2FF7EC56-297E-4D0D-B642-551C35D53C8B}
	EndGlobalSection
EndGlobal
